// !$*UTF8*$!
{
	archiveVersion = 1;
	classes = {
	};
	objectVersion = 46;
	objects = {

/* Begin PBXBuildFile section */
		4BBAE2071C2D021D003DEFDA /* main.m in Sources */ = {isa = PBXBuildFile; fileRef = 4BBAE2061C2D021D003DEFDA /* main.m */; };
		4BBAE20A1C2D021D003DEFDA /* AppDelegate.m in Sources */ = {isa = PBXBuildFile; fileRef = 4BBAE2091C2D021D003DEFDA /* AppDelegate.m */; };
		4BBAE20D1C2D021D003DEFDA /* ViewController.m in Sources */ = {isa = PBXBuildFile; fileRef = 4BBAE20C1C2D021D003DEFDA /* ViewController.m */; };
		4BBAE2101C2D021D003DEFDA /* Main.storyboard in Resources */ = {isa = PBXBuildFile; fileRef = 4BBAE20E1C2D021D003DEFDA /* Main.storyboard */; };
		4BBAE2121C2D021D003DEFDA /* Assets.xcassets in Resources */ = {isa = PBXBuildFile; fileRef = 4BBAE2111C2D021D003DEFDA /* Assets.xcassets */; };
		4BBAE2151C2D021D003DEFDA /* LaunchScreen.storyboard in Resources */ = {isa = PBXBuildFile; fileRef = 4BBAE2131C2D021D003DEFDA /* LaunchScreen.storyboard */; };
		4BBAE2201C2D021D003DEFDA /* SNChartViewTests.m in Sources */ = {isa = PBXBuildFile; fileRef = 4BBAE21F1C2D021D003DEFDA /* SNChartViewTests.m */; };
		4BBAE22B1C2D021E003DEFDA /* SNChartViewUITests.m in Sources */ = {isa = PBXBuildFile; fileRef = 4BBAE22A1C2D021E003DEFDA /* SNChartViewUITests.m */; };
		4BBAE2421C2D022F003DEFDA /* SNChart.m in Sources */ = {isa = PBXBuildFile; fileRef = 4BBAE23A1C2D022E003DEFDA /* SNChart.m */; };
		4BBAE2431C2D022F003DEFDA /* SNChartBar.m in Sources */ = {isa = PBXBuildFile; fileRef = 4BBAE23C1C2D022E003DEFDA /* SNChartBar.m */; };
		4BBAE2441C2D022F003DEFDA /* SNChartLine.m in Sources */ = {isa = PBXBuildFile; fileRef = 4BBAE23E1C2D022E003DEFDA /* SNChartLine.m */; };
		4BBAE2451C2D022F003DEFDA /* UIBezierPath+curved.m in Sources */ = {isa = PBXBuildFile; fileRef = 4BBAE2401C2D022E003DEFDA /* UIBezierPath+curved.m */; };
		4BBAE2461C2D022F003DEFDA /* 气泡.png in Resources */ = {isa = PBXBuildFile; fileRef = 4BBAE2411C2D022E003DEFDA /* 气泡.png */; };
		4BBAE24A1C2D2628003DEFDA /* bar.png in Resources */ = {isa = PBXBuildFile; fileRef = 4BBAE2481C2D2628003DEFDA /* bar.png */; };
		4BBAE24B1C2D2628003DEFDA /* line.png in Resources */ = {isa = PBXBuildFile; fileRef = 4BBAE2491C2D2628003DEFDA /* line.png */; };
/* End PBXBuildFile section */

/* Begin PBXContainerItemProxy section */
		4BBAE21C1C2D021D003DEFDA /* PBXContainerItemProxy */ = {
			isa = PBXContainerItemProxy;
			containerPortal = 4BBAE1FA1C2D021D003DEFDA /* Project object */;
			proxyType = 1;
			remoteGlobalIDString = 4BBAE2011C2D021D003DEFDA;
			remoteInfo = SNChartView;
		};
		4BBAE2271C2D021D003DEFDA /* PBXContainerItemProxy */ = {
			isa = PBXContainerItemProxy;
			containerPortal = 4BBAE1FA1C2D021D003DEFDA /* Project object */;
			proxyType = 1;
			remoteGlobalIDString = 4BBAE2011C2D021D003DEFDA;
			remoteInfo = SNChartView;
		};
/* End PBXContainerItemProxy section */

/* Begin PBXFileReference section */
		4BBAE2021C2D021D003DEFDA /* SNChartView.app */ = {isa = PBXFileReference; explicitFileType = wrapper.application; includeInIndex = 0; path = SNChartView.app; sourceTree = BUILT_PRODUCTS_DIR; };
		4BBAE2061C2D021D003DEFDA /* main.m */ = {isa = PBXFileReference; lastKnownFileType = sourcecode.c.objc; path = main.m; sourceTree = "<group>"; };
		4BBAE2081C2D021D003DEFDA /* AppDelegate.h */ = {isa = PBXFileReference; lastKnownFileType = sourcecode.c.h; path = AppDelegate.h; sourceTree = "<group>"; };
		4BBAE2091C2D021D003DEFDA /* AppDelegate.m */ = {isa = PBXFileReference; lastKnownFileType = sourcecode.c.objc; path = AppDelegate.m; sourceTree = "<group>"; };
		4BBAE20B1C2D021D003DEFDA /* ViewController.h */ = {isa = PBXFileReference; lastKnownFileType = sourcecode.c.h; path = ViewController.h; sourceTree = "<group>"; };
		4BBAE20C1C2D021D003DEFDA /* ViewController.m */ = {isa = PBXFileReference; lastKnownFileType = sourcecode.c.objc; path = ViewController.m; sourceTree = "<group>"; };
		4BBAE20F1C2D021D003DEFDA /* Base */ = {isa = PBXFileReference; lastKnownFileType = file.storyboard; name = Base; path = Base.lproj/Main.storyboard; sourceTree = "<group>"; };
		4BBAE2111C2D021D003DEFDA /* Assets.xcassets */ = {isa = PBXFileReference; lastKnownFileType = folder.assetcatalog; path = Assets.xcassets; sourceTree = "<group>"; };
		4BBAE2141C2D021D003DEFDA /* Base */ = {isa = PBXFileReference; lastKnownFileType = file.storyboard; name = Base; path = Base.lproj/LaunchScreen.storyboard; sourceTree = "<group>"; };
		4BBAE2161C2D021D003DEFDA /* Info.plist */ = {isa = PBXFileReference; lastKnownFileType = text.plist.xml; path = Info.plist; sourceTree = "<group>"; };
		4BBAE21B1C2D021D003DEFDA /* SNChartViewTests.xctest */ = {isa = PBXFileReference; explicitFileType = wrapper.cfbundle; includeInIndex = 0; path = SNChartViewTests.xctest; sourceTree = BUILT_PRODUCTS_DIR; };
		4BBAE21F1C2D021D003DEFDA /* SNChartViewTests.m */ = {isa = PBXFileReference; lastKnownFileType = sourcecode.c.objc; path = SNChartViewTests.m; sourceTree = "<group>"; };
		4BBAE2211C2D021D003DEFDA /* Info.plist */ = {isa = PBXFileReference; lastKnownFileType = text.plist.xml; path = Info.plist; sourceTree = "<group>"; };
		4BBAE2261C2D021D003DEFDA /* SNChartViewUITests.xctest */ = {isa = PBXFileReference; explicitFileType = wrapper.cfbundle; includeInIndex = 0; path = SNChartViewUITests.xctest; sourceTree = BUILT_PRODUCTS_DIR; };
		4BBAE22A1C2D021E003DEFDA /* SNChartViewUITests.m */ = {isa = PBXFileReference; lastKnownFileType = sourcecode.c.objc; path = SNChartViewUITests.m; sourceTree = "<group>"; };
		4BBAE22C1C2D021E003DEFDA /* Info.plist */ = {isa = PBXFileReference; lastKnownFileType = text.plist.xml; path = Info.plist; sourceTree = "<group>"; };
		4BBAE2391C2D022E003DEFDA /* SNChart.h */ = {isa = PBXFileReference; fileEncoding = 4; lastKnownFileType = sourcecode.c.h; path = SNChart.h; sourceTree = "<group>"; };
		4BBAE23A1C2D022E003DEFDA /* SNChart.m */ = {isa = PBXFileReference; fileEncoding = 4; lastKnownFileType = sourcecode.c.objc; path = SNChart.m; sourceTree = "<group>"; };
		4BBAE23B1C2D022E003DEFDA /* SNChartBar.h */ = {isa = PBXFileReference; fileEncoding = 4; lastKnownFileType = sourcecode.c.h; path = SNChartBar.h; sourceTree = "<group>"; };
		4BBAE23C1C2D022E003DEFDA /* SNChartBar.m */ = {isa = PBXFileReference; fileEncoding = 4; lastKnownFileType = sourcecode.c.objc; path = SNChartBar.m; sourceTree = "<group>"; };
		4BBAE23D1C2D022E003DEFDA /* SNChartLine.h */ = {isa = PBXFileReference; fileEncoding = 4; lastKnownFileType = sourcecode.c.h; path = SNChartLine.h; sourceTree = "<group>"; };
		4BBAE23E1C2D022E003DEFDA /* SNChartLine.m */ = {isa = PBXFileReference; fileEncoding = 4; lastKnownFileType = sourcecode.c.objc; path = SNChartLine.m; sourceTree = "<group>"; };
		4BBAE23F1C2D022E003DEFDA /* UIBezierPath+curved.h */ = {isa = PBXFileReference; fileEncoding = 4; lastKnownFileType = sourcecode.c.h; path = "UIBezierPath+curved.h"; sourceTree = "<group>"; };
		4BBAE2401C2D022E003DEFDA /* UIBezierPath+curved.m */ = {isa = PBXFileReference; fileEncoding = 4; lastKnownFileType = sourcecode.c.objc; path = "UIBezierPath+curved.m"; sourceTree = "<group>"; };
		4BBAE2411C2D022E003DEFDA /* 气泡.png */ = {isa = PBXFileReference; lastKnownFileType = image.png; path = "气泡.png"; sourceTree = "<group>"; };
		4BBAE2481C2D2628003DEFDA /* bar.png */ = {isa = PBXFileReference; lastKnownFileType = image.png; path = bar.png; sourceTree = "<group>"; };
		4BBAE2491C2D2628003DEFDA /* line.png */ = {isa = PBXFileReference; lastKnownFileType = image.png; path = line.png; sourceTree = "<group>"; };
/* End PBXFileReference section */

/* Begin PBXFrameworksBuildPhase section */
		4BBAE1FF1C2D021D003DEFDA /* Frameworks */ = {
			isa = PBXFrameworksBuildPhase;
			buildActionMask = 2147483647;
			files = (
			);
			runOnlyForDeploymentPostprocessing = 0;
		};
		4BBAE2181C2D021D003DEFDA /* Frameworks */ = {
			isa = PBXFrameworksBuildPhase;
			buildActionMask = 2147483647;
			files = (
			);
			runOnlyForDeploymentPostprocessing = 0;
		};
		4BBAE2231C2D021D003DEFDA /* Frameworks */ = {
			isa = PBXFrameworksBuildPhase;
			buildActionMask = 2147483647;
			files = (
			);
			runOnlyForDeploymentPostprocessing = 0;
		};
/* End PBXFrameworksBuildPhase section */

/* Begin PBXGroup section */
		4BBAE1F91C2D021D003DEFDA = {
			isa = PBXGroup;
			children = (
				4BBAE2041C2D021D003DEFDA /* SNChartView */,
				4BBAE21E1C2D021D003DEFDA /* SNChartViewTests */,
				4BBAE2291C2D021E003DEFDA /* SNChartViewUITests */,
				4BBAE2031C2D021D003DEFDA /* Products */,
			);
			sourceTree = "<group>";
		};
		4BBAE2031C2D021D003DEFDA /* Products */ = {
			isa = PBXGroup;
			children = (
				4BBAE2021C2D021D003DEFDA /* SNChartView.app */,
				4BBAE21B1C2D021D003DEFDA /* SNChartViewTests.xctest */,
				4BBAE2261C2D021D003DEFDA /* SNChartViewUITests.xctest */,
			);
			name = Products;
			sourceTree = "<group>";
		};
		4BBAE2041C2D021D003DEFDA /* SNChartView */ = {
			isa = PBXGroup;
			children = (
				4BBAE2471C2D2628003DEFDA /* images */,
				4BBAE2381C2D022E003DEFDA /* SNChartView */,
				4BBAE2081C2D021D003DEFDA /* AppDelegate.h */,
				4BBAE2091C2D021D003DEFDA /* AppDelegate.m */,
				4BBAE20B1C2D021D003DEFDA /* ViewController.h */,
				4BBAE20C1C2D021D003DEFDA /* ViewController.m */,
				4BBAE20E1C2D021D003DEFDA /* Main.storyboard */,
				4BBAE2111C2D021D003DEFDA /* Assets.xcassets */,
				4BBAE2131C2D021D003DEFDA /* LaunchScreen.storyboard */,
				4BBAE2161C2D021D003DEFDA /* Info.plist */,
				4BBAE2051C2D021D003DEFDA /* Supporting Files */,
			);
			path = SNChartView;
			sourceTree = "<group>";
		};
		4BBAE2051C2D021D003DEFDA /* Supporting Files */ = {
			isa = PBXGroup;
			children = (
				4BBAE2061C2D021D003DEFDA /* main.m */,
			);
			name = "Supporting Files";
			sourceTree = "<group>";
		};
		4BBAE21E1C2D021D003DEFDA /* SNChartViewTests */ = {
			isa = PBXGroup;
			children = (
				4BBAE21F1C2D021D003DEFDA /* SNChartViewTests.m */,
				4BBAE2211C2D021D003DEFDA /* Info.plist */,
			);
			path = SNChartViewTests;
			sourceTree = "<group>";
		};
		4BBAE2291C2D021E003DEFDA /* SNChartViewUITests */ = {
			isa = PBXGroup;
			children = (
				4BBAE22A1C2D021E003DEFDA /* SNChartViewUITests.m */,
				4BBAE22C1C2D021E003DEFDA /* Info.plist */,
			);
			path = SNChartViewUITests;
			sourceTree = "<group>";
		};
		4BBAE2381C2D022E003DEFDA /* SNChartView */ = {
			isa = PBXGroup;
			children = (
				4BBAE2391C2D022E003DEFDA /* SNChart.h */,
				4BBAE23A1C2D022E003DEFDA /* SNChart.m */,
				4BBAE23B1C2D022E003DEFDA /* SNChartBar.h */,
				4BBAE23C1C2D022E003DEFDA /* SNChartBar.m */,
				4BBAE23D1C2D022E003DEFDA /* SNChartLine.h */,
				4BBAE23E1C2D022E003DEFDA /* SNChartLine.m */,
				4BBAE23F1C2D022E003DEFDA /* UIBezierPath+curved.h */,
				4BBAE2401C2D022E003DEFDA /* UIBezierPath+curved.m */,
				4BBAE2411C2D022E003DEFDA /* 气泡.png */,
			);
			path = SNChartView;
			sourceTree = "<group>";
		};
		4BBAE2471C2D2628003DEFDA /* images */ = {
			isa = PBXGroup;
			children = (
				4BBAE2481C2D2628003DEFDA /* bar.png */,
				4BBAE2491C2D2628003DEFDA /* line.png */,
			);
			path = images;
			sourceTree = "<group>";
		};
/* End PBXGroup section */

/* Begin PBXNativeTarget section */
		4BBAE2011C2D021D003DEFDA /* SNChartView */ = {
			isa = PBXNativeTarget;
			buildConfigurationList = 4BBAE22F1C2D021E003DEFDA /* Build configuration list for PBXNativeTarget "SNChartView" */;
			buildPhases = (
				4BBAE1FE1C2D021D003DEFDA /* Sources */,
				4BBAE1FF1C2D021D003DEFDA /* Frameworks */,
				4BBAE2001C2D021D003DEFDA /* Resources */,
			);
			buildRules = (
			);
			dependencies = (
			);
			name = SNChartView;
			productName = SNChartView;
			productReference = 4BBAE2021C2D021D003DEFDA /* SNChartView.app */;
			productType = "com.apple.product-type.application";
		};
		4BBAE21A1C2D021D003DEFDA /* SNChartViewTests */ = {
			isa = PBXNativeTarget;
			buildConfigurationList = 4BBAE2321C2D021E003DEFDA /* Build configuration list for PBXNativeTarget "SNChartViewTests" */;
			buildPhases = (
				4BBAE2171C2D021D003DEFDA /* Sources */,
				4BBAE2181C2D021D003DEFDA /* Frameworks */,
				4BBAE2191C2D021D003DEFDA /* Resources */,
			);
			buildRules = (
			);
			dependencies = (
				4BBAE21D1C2D021D003DEFDA /* PBXTargetDependency */,
			);
			name = SNChartViewTests;
			productName = SNChartViewTests;
			productReference = 4BBAE21B1C2D021D003DEFDA /* SNChartViewTests.xctest */;
			productType = "com.apple.product-type.bundle.unit-test";
		};
		4BBAE2251C2D021D003DEFDA /* SNChartViewUITests */ = {
			isa = PBXNativeTarget;
			buildConfigurationList = 4BBAE2351C2D021E003DEFDA /* Build configuration list for PBXNativeTarget "SNChartViewUITests" */;
			buildPhases = (
				4BBAE2221C2D021D003DEFDA /* Sources */,
				4BBAE2231C2D021D003DEFDA /* Frameworks */,
				4BBAE2241C2D021D003DEFDA /* Resources */,
			);
			buildRules = (
			);
			dependencies = (
				4BBAE2281C2D021D003DEFDA /* PBXTargetDependency */,
			);
			name = SNChartViewUITests;
			productName = SNChartViewUITests;
			productReference = 4BBAE2261C2D021D003DEFDA /* SNChartViewUITests.xctest */;
			productType = "com.apple.product-type.bundle.ui-testing";
		};
/* End PBXNativeTarget section */

/* Begin PBXProject section */
		4BBAE1FA1C2D021D003DEFDA /* Project object */ = {
			isa = PBXProject;
			attributes = {
				LastUpgradeCheck = 0710;
				ORGANIZATIONNAME = wangsen;
				TargetAttributes = {
					4BBAE2011C2D021D003DEFDA = {
						CreatedOnToolsVersion = 7.1;
					};
					4BBAE21A1C2D021D003DEFDA = {
						CreatedOnToolsVersion = 7.1;
						TestTargetID = 4BBAE2011C2D021D003DEFDA;
					};
					4BBAE2251C2D021D003DEFDA = {
						CreatedOnToolsVersion = 7.1;
						TestTargetID = 4BBAE2011C2D021D003DEFDA;
					};
				};
			};
			buildConfigurationList = 4BBAE1FD1C2D021D003DEFDA /* Build configuration list for PBXProject "SNChartView" */;
			compatibilityVersion = "Xcode 3.2";
			developmentRegion = English;
			hasScannedForEncodings = 0;
			knownRegions = (
				en,
				Base,
			);
			mainGroup = 4BBAE1F91C2D021D003DEFDA;
			productRefGroup = 4BBAE2031C2D021D003DEFDA /* Products */;
			projectDirPath = "";
			projectRoot = "";
			targets = (
				4BBAE2011C2D021D003DEFDA /* SNChartView */,
				4BBAE21A1C2D021D003DEFDA /* SNChartViewTests */,
				4BBAE2251C2D021D003DEFDA /* SNChartViewUITests */,
			);
		};
/* End PBXProject section */

/* Begin PBXResourcesBuildPhase section */
		4BBAE2001C2D021D003DEFDA /* Resources */ = {
			isa = PBXResourcesBuildPhase;
			buildActionMask = 2147483647;
			files = (
				4BBAE2151C2D021D003DEFDA /* LaunchScreen.storyboard in Resources */,
				4BBAE24A1C2D2628003DEFDA /* bar.png in Resources */,
				4BBAE2121C2D021D003DEFDA /* Assets.xcassets in Resources */,
				4BBAE2461C2D022F003DEFDA /* 气泡.png in Resources */,
				4BBAE2101C2D021D003DEFDA /* Main.storyboard in Resources */,
				4BBAE24B1C2D2628003DEFDA /* line.png in Resources */,
			);
			runOnlyForDeploymentPostprocessing = 0;
		};
		4BBAE2191C2D021D003DEFDA /* Resources */ = {
			isa = PBXResourcesBuildPhase;
			buildActionMask = 2147483647;
			files = (
			);
			runOnlyForDeploymentPostprocessing = 0;
		};
		4BBAE2241C2D021D003DEFDA /* Resources */ = {
			isa = PBXResourcesBuildPhase;
			buildActionMask = 2147483647;
			files = (
			);
			runOnlyForDeploymentPostprocessing = 0;
		};
/* End PBXResourcesBuildPhase section */

/* Begin PBXSourcesBuildPhase section */
		4BBAE1FE1C2D021D003DEFDA /* Sources */ = {
			isa = PBXSourcesBuildPhase;
			buildActionMask = 2147483647;
			files = (
				4BBAE2431C2D022F003DEFDA /* SNChartBar.m in Sources */,
				4BBAE2451C2D022F003DEFDA /* UIBezierPath+curved.m in Sources */,
				4BBAE20D1C2D021D003DEFDA /* ViewController.m in Sources */,
				4BBAE20A1C2D021D003DEFDA /* AppDelegate.m in Sources */,
				4BBAE2071C2D021D003DEFDA /* main.m in Sources */,
				4BBAE2421C2D022F003DEFDA /* SNChart.m in Sources */,
				4BBAE2441C2D022F003DEFDA /* SNChartLine.m in Sources */,
			);
			runOnlyForDeploymentPostprocessing = 0;
		};
		4BBAE2171C2D021D003DEFDA /* Sources */ = {
			isa = PBXSourcesBuildPhase;
			buildActionMask = 2147483647;
			files = (
				4BBAE2201C2D021D003DEFDA /* SNChartViewTests.m in Sources */,
			);
			runOnlyForDeploymentPostprocessing = 0;
		};
		4BBAE2221C2D021D003DEFDA /* Sources */ = {
			isa = PBXSourcesBuildPhase;
			buildActionMask = 2147483647;
			files = (
				4BBAE22B1C2D021E003DEFDA /* SNChartViewUITests.m in Sources */,
			);
			runOnlyForDeploymentPostprocessing = 0;
		};
/* End PBXSourcesBuildPhase section */

/* Begin PBXTargetDependency section */
		4BBAE21D1C2D021D003DEFDA /* PBXTargetDependency */ = {
			isa = PBXTargetDependency;
			target = 4BBAE2011C2D021D003DEFDA /* SNChartView */;
			targetProxy = 4BBAE21C1C2D021D003DEFDA /* PBXContainerItemProxy */;
		};
		4BBAE2281C2D021D003DEFDA /* PBXTargetDependency */ = {
			isa = PBXTargetDependency;
			target = 4BBAE2011C2D021D003DEFDA /* SNChartView */;
			targetProxy = 4BBAE2271C2D021D003DEFDA /* PBXContainerItemProxy */;
		};
/* End PBXTargetDependency section */

/* Begin PBXVariantGroup section */
		4BBAE20E1C2D021D003DEFDA /* Main.storyboard */ = {
			isa = PBXVariantGroup;
			children = (
				4BBAE20F1C2D021D003DEFDA /* Base */,
			);
			name = Main.storyboard;
			sourceTree = "<group>";
		};
		4BBAE2131C2D021D003DEFDA /* LaunchScreen.storyboard */ = {
			isa = PBXVariantGroup;
			children = (
				4BBAE2141C2D021D003DEFDA /* Base */,
			);
			name = LaunchScreen.storyboard;
			sourceTree = "<group>";
		};
/* End PBXVariantGroup section */

/* Begin XCBuildConfiguration section */
		4BBAE22D1C2D021E003DEFDA /* Debug */ = {
			isa = XCBuildConfiguration;
			buildSettings = {
				ALWAYS_SEARCH_USER_PATHS = NO;
				CLANG_CXX_LANGUAGE_STANDARD = "gnu++0x";
				CLANG_CXX_LIBRARY = "libc++";
				CLANG_ENABLE_MODULES = YES;
				CLANG_ENABLE_OBJC_ARC = YES;
				CLANG_WARN_BOOL_CONVERSION = YES;
				CLANG_WARN_CONSTANT_CONVERSION = YES;
				CLANG_WARN_DIRECT_OBJC_ISA_USAGE = YES_ERROR;
				CLANG_WARN_EMPTY_BODY = YES;
				CLANG_WARN_ENUM_CONVERSION = YES;
				CLANG_WARN_INT_CONVERSION = YES;
				CLANG_WARN_OBJC_ROOT_CLASS = YES_ERROR;
				CLANG_WARN_UNREACHABLE_CODE = YES;
				CLANG_WARN__DUPLICATE_METHOD_MATCH = YES;
				"CODE_SIGN_IDENTITY[sdk=iphoneos*]" = "iPhone Developer";
				COPY_PHASE_STRIP = NO;
				DEBUG_INFORMATION_FORMAT = dwarf;
				ENABLE_STRICT_OBJC_MSGSEND = YES;
				ENABLE_TESTABILITY = YES;
				GCC_C_LANGUAGE_STANDARD = gnu99;
				GCC_DYNAMIC_NO_PIC = NO;
				GCC_NO_COMMON_BLOCKS = YES;
				GCC_OPTIMIZATION_LEVEL = 0;
				GCC_PREPROCESSOR_DEFINITIONS = (
					"DEBUG=1",
					"$(inherited)",
				);
				GCC_WARN_64_TO_32_BIT_CONVERSION = YES;
				GCC_WARN_ABOUT_RETURN_TYPE = YES_ERROR;
				GCC_WARN_UNDECLARED_SELECTOR = YES;
				GCC_WARN_UNINITIALIZED_AUTOS = YES_AGGRESSIVE;
				GCC_WARN_UNUSED_FUNCTION = YES;
				GCC_WARN_UNUSED_VARIABLE = YES;
				IPHONEOS_DEPLOYMENT_TARGET = 9.1;
				MTL_ENABLE_DEBUG_INFO = YES;
				ONLY_ACTIVE_ARCH = YES;
				SDKROOT = iphoneos;
			};
			name = Debug;
		};
		4BBAE22E1C2D021E003DEFDA /* Release */ = {
			isa = XCBuildConfiguration;
			buildSettings = {
				ALWAYS_SEARCH_USER_PATHS = NO;
				CLANG_CXX_LANGUAGE_STANDARD = "gnu++0x";
				CLANG_CXX_LIBRARY = "libc++";
				CLANG_ENABLE_MODULES = YES;
				CLANG_ENABLE_OBJC_ARC = YES;
				CLANG_WARN_BOOL_CONVERSION = YES;
				CLANG_WARN_CONSTANT_CONVERSION = YES;
				CLANG_WARN_DIRECT_OBJC_ISA_USAGE = YES_ERROR;
				CLANG_WARN_EMPTY_BODY = YES;
				CLANG_WARN_ENUM_CONVERSION = YES;
				CLANG_WARN_INT_CONVERSION = YES;
				CLANG_WARN_OBJC_ROOT_CLASS = YES_ERROR;
				CLANG_WARN_UNREACHABLE_CODE = YES;
				CLANG_WARN__DUPLICATE_METHOD_MATCH = YES;
				"CODE_SIGN_IDENTITY[sdk=iphoneos*]" = "iPhone Developer";
				COPY_PHASE_STRIP = NO;
				DEBUG_INFORMATION_FORMAT = "dwarf-with-dsym";
				ENABLE_NS_ASSERTIONS = NO;
				ENABLE_STRICT_OBJC_MSGSEND = YES;
				GCC_C_LANGUAGE_STANDARD = gnu99;
				GCC_NO_COMMON_BLOCKS = YES;
				GCC_WARN_64_TO_32_BIT_CONVERSION = YES;
				GCC_WARN_ABOUT_RETURN_TYPE = YES_ERROR;
				GCC_WARN_UNDECLARED_SELECTOR = YES;
				GCC_WARN_UNINITIALIZED_AUTOS = YES_AGGRESSIVE;
				GCC_WARN_UNUSED_FUNCTION = YES;
				GCC_WARN_UNUSED_VARIABLE = YES;
				IPHONEOS_DEPLOYMENT_TARGET = 9.1;
				MTL_ENABLE_DEBUG_INFO = NO;
				SDKROOT = iphoneos;
				VALIDATE_PRODUCT = YES;
			};
			name = Release;
		};
		4BBAE2301C2D021E003DEFDA /* Debug */ = {
			isa = XCBuildConfiguration;
			buildSettings = {
				ASSETCATALOG_COMPILER_APPICON_NAME = AppIcon;
				INFOPLIST_FILE = SNChartView/Info.plist;
				LD_RUNPATH_SEARCH_PATHS = "$(inherited) @executable_path/Frameworks";
				PRODUCT_BUNDLE_IDENTIFIER = com.sn.SNChartView;
				PRODUCT_NAME = "$(TARGET_NAME)";
			};
			name = Debug;
		};
		4BBAE2311C2D021E003DEFDA /* Release */ = {
			isa = XCBuildConfiguration;
			buildSettings = {
				ASSETCATALOG_COMPILER_APPICON_NAME = AppIcon;
				INFOPLIST_FILE = SNChartView/Info.plist;
				LD_RUNPATH_SEARCH_PATHS = "$(inherited) @executable_path/Frameworks";
				PRODUCT_BUNDLE_IDENTIFIER = com.sn.SNChartView;
				PRODUCT_NAME = "$(TARGET_NAME)";
			};
			name = Release;
		};
		4BBAE2331C2D021E003DEFDA /* Debug */ = {
			isa = XCBuildConfiguration;
			buildSettings = {
				BUNDLE_LOADER = "$(TEST_HOST)";
				INFOPLIST_FILE = SNChartViewTests/Info.plist;
				LD_RUNPATH_SEARCH_PATHS = "$(inherited) @executable_path/Frameworks @loader_path/Frameworks";
				PRODUCT_BUNDLE_IDENTIFIER = com.sn.SNChartViewTests;
				PRODUCT_NAME = "$(TARGET_NAME)";
				TEST_HOST = "$(BUILT_PRODUCTS_DIR)/SNChartView.app/SNChartView";
			};
			name = Debug;
		};
		4BBAE2341C2D021E003DEFDA /* Release */ = {
			isa = XCBuildConfiguration;
			buildSettings = {
				BUNDLE_LOADER = "$(TEST_HOST)";
				INFOPLIST_FILE = SNChartViewTests/Info.plist;
				LD_RUNPATH_SEARCH_PATHS = "$(inherited) @executable_path/Frameworks @loader_path/Frameworks";
				PRODUCT_BUNDLE_IDENTIFIER = com.sn.SNChartViewTests;
				PRODUCT_NAME = "$(TARGET_NAME)";
				TEST_HOST = "$(BUILT_PRODUCTS_DIR)/SNChartView.app/SNChartView";
			};
			name = Release;
		};
		4BBAE2361C2D021E003DEFDA /* Debug */ = {
			isa = XCBuildConfiguration;
			buildSettings = {
				INFOPLIST_FILE = SNChartViewUITests/Info.plist;
				LD_RUNPATH_SEARCH_PATHS = "$(inherited) @executable_path/Frameworks @loader_path/Frameworks";
				PRODUCT_BUNDLE_IDENTIFIER = com.sn.SNChartViewUITests;
				PRODUCT_NAME = "$(TARGET_NAME)";
				TEST_TARGET_NAME = SNChartView;
				USES_XCTRUNNER = YES;
			};
			name = Debug;
		};
		4BBAE2371C2D021E003DEFDA /* Release */ = {
			isa = XCBuildConfiguration;
			buildSettings = {
				INFOPLIST_FILE = SNChartViewUITests/Info.plist;
				LD_RUNPATH_SEARCH_PATHS = "$(inherited) @executable_path/Frameworks @loader_path/Frameworks";
				PRODUCT_BUNDLE_IDENTIFIER = com.sn.SNChartViewUITests;
				PRODUCT_NAME = "$(TARGET_NAME)";
				TEST_TARGET_NAME = SNChartView;
				USES_XCTRUNNER = YES;
			};
			name = Release;
		};
/* End XCBuildConfiguration section */

/* Begin XCConfigurationList section */
		4BBAE1FD1C2D021D003DEFDA /* Build configuration list for PBXProject "SNChartView" */ = {
			isa = XCConfigurationList;
			buildConfigurations = (
				4BBAE22D1C2D021E003DEFDA /* Debug */,
				4BBAE22E1C2D021E003DEFDA /* Release */,
			);
			defaultConfigurationIsVisible = 0;
			defaultConfigurationName = Release;
		};
		4BBAE22F1C2D021E003DEFDA /* Build configuration list for PBXNativeTarget "SNChartView" */ = {
			isa = XCConfigurationList;
			buildConfigurations = (
				4BBAE2301C2D021E003DEFDA /* Debug */,
				4BBAE2311C2D021E003DEFDA /* Release */,
			);
			defaultConfigurationIsVisible = 0;
			defaultConfigurationName = Release;
		};
		4BBAE2321C2D021E003DEFDA /* Build configuration list for PBXNativeTarget "SNChartViewTests" */ = {
			isa = XCConfigurationList;
			buildConfigurations = (
				4BBAE2331C2D021E003DEFDA /* Debug */,
				4BBAE2341C2D021E003DEFDA /* Release */,
			);
			defaultConfigurationIsVisible = 0;
			defaultConfigurationName = Release;
		};
		4BBAE2351C2D021E003DEFDA /* Build configuration list for PBXNativeTarget "SNChartViewUITests" */ = {
			isa = XCConfigurationList;
			buildConfigurations = (
				4BBAE2361C2D021E003DEFDA /* Debug */,
				4BBAE2371C2D021E003DEFDA /* Release */,
			);
			defaultConfigurationIsVisible = 0;
			defaultConfigurationName = Release;
		};
/* End XCConfigurationList section */
	};
	rootObject = 4BBAE1FA1C2D021D003DEFDA /* Project object */;
}
